{
  "nodes": {
    "aocommon": {
      "inputs": {
        "flake-utils": [
          "ska-ost-array-config",
          "ska-sdp-func-python",
          "flake-utils"
        ],
        "nixpkgs": [
          "ska-ost-array-config",
          "ska-sdp-func-python",
          "nixpkgs"
        ],
        "nixpkgs-24-05": [
          "ska-ost-array-config",
          "ska-sdp-func-python",
          "nixpkgs-24-05"
        ]
      },
      "locked": {
        "lastModified": 1780434539,
        "narHash": "sha256-VTJC7nvqvOV4pyj1UGiUrMBgufDIUMFEn9mKGFgz8uk=",
        "ref": "refs/heads/master",
        "rev": "fa5ed5f6633640c8e7601abeab57312ad406246a",
        "shallow": true,
        "type": "git",
        "url": "https://gitlab.com/phdenzel/aocommon.git"
      },
      "original": {
        "shallow": true,
        "type": "git",
        "url": "https://gitlab.com/phdenzel/aocommon.git"
      }
    },
    "aoflagger": {
      "inputs": {
        "aocommon": [
          "ska-ost-array-config",
          "ska-sdp-func-python",
          "aocommon"
        ],
        "flake-utils": [
          "ska-ost-array-config",
          "ska-sdp-func-python",
          "flake-utils"
        ],
        "nixpkgs": [
          "ska-ost-array-config",
          "ska-sdp-func-python",
          "nixpkgs"
        ],
        "nixpkgs-24-05": [
          "ska-ost-array-config",
          "ska-sdp-func-python",
          "nixpkgs-24-05"
        ]
      },
      "locked": {
        "lastModified": 1780435173,
        "narHash": "sha256-04J180EbHNPq5G7vWntOBT72Xrz5lZVN902aXdQFcrE=",
        "ref": "refs/heads/master",
        "rev": "ec39a5a26fd559bbb508d4e1d3f5bf6c56e540f2",
        "shallow": true,
        "type": "git",
        "url": "https://gitlab.com/phdenzel/aoflagger.git"
      },
      "original": {
        "shallow": true,
        "type": "git",
        "url": "https://gitlab.com/phdenzel/aoflagger.git"
      }
    },
    "base16": {
      "inputs": {
        "fromYaml": "fromYaml"
      },
      "locked": {
        "lastModified": 1755819240,
        "narHash": "sha256-qcMhnL7aGAuFuutH4rq9fvAhCpJWVHLcHVZLtPctPlo=",
        "owner": "SenchoPens",
        "repo": "base16.nix",
        "rev": "75ed5e5e3fce37df22e49125181fa37899c3ccd6",
        "type": "github"
      },
      "original": {
        "owner": "SenchoPens",
        "repo": "base16.nix",
        "type": "github"
      }
    },
    "base16-fish": {
      "flake": false,
      "locked": {
        "lastModified": 1765809053,
        "narHash": "sha256-XCUQLoLfBJ8saWms2HCIj4NEN+xNsWBlU1NrEPcQG4s=",
        "owner": "tomyun",
        "repo": "base16-fish",
        "rev": "86cbea4dca62e08fb7fd83a70e96472f92574782",
        "type": "github"
      },
      "original": {
        "owner": "tomyun",
        "repo": "base16-fish",
        "rev": "86cbea4dca62e08fb7fd83a70e96472f92574782",
        "type": "github"
      }
    },
    "base16-helix": {
      "flake": false,
      "locked": {
        "lastModified": 1776754714,
        "narHash": "sha256-E3OAK27smtATTmX45uoTSRsVD+Y+ZiVVfgM/tjpbtYg=",
        "owner": "tinted-theming",
        "repo": "base16-helix",
        "rev": "4d508123037e7851ad36ebf7d9c48b0e9e1eb581",
        "type": "github"
      },
      "original": {
        "owner": "tinted-theming",
        "repo": "base16-helix",
        "type": "github"
      }
    },
    "base16-vim": {
      "flake": false,
      "locked": {
        "lastModified": 1732806396,
        "narHash": "sha256-e0bpPySdJf0F68Ndanwm+KWHgQiZ0s7liLhvJSWDNsA=",
        "owner": "tinted-theming",
        "repo": "base16-vim",
        "rev": "577fe8125d74ff456cf942c733a85d769afe58b7",
        "type": "github"
      },
      "original": {
        "owner": "tinted-theming",
        "repo": "base16-vim",
        "rev": "577fe8125d74ff456cf942c733a85d769afe58b7",
        "type": "github"
      }
    },
    "cscs-key": {
      "inputs": {
        "fenix": "fenix",
        "flake-utils": "flake-utils",
        "nixpkgs": [
          "nixpkgs"
        ]
      },
      "locked": {
        "lastModified": 1786956715,
        "narHash": "sha256-FSr8yPhIlc3/Jy2+9wy4JJq0ZdC3MM06sQ5OneR3cWM=",
        "owner": "phdenzel",
        "repo": "cscs-key",
        "rev": "932dae362bd605875faafc0fecc223c4486d5863",
        "type": "github"
      },
      "original": {
        "owner": "phdenzel",
        "ref": "feature/nix-pkg",
        "repo": "cscs-key",
        "type": "github"
      }
    },
    "cudawrappers": {
      "flake": false,
      "locked": {
        "lastModified": 1777471604,
        "narHash": "sha256-efg69FXCufYi4NA2AtTsK+6hl+0LHZWhvIgRzSx2e/4=",
        "owner": "nlesc-recruit",
        "repo": "cudawrappers",
        "rev": "f7ce9f963e5b0daf2372a1d286a874f42a96cd81",
        "type": "github"
      },
      "original": {
        "owner": "nlesc-recruit",
        "repo": "cudawrappers",
        "type": "github"
      }
    },
    "disko": {
      "inputs": {
        "nixpkgs": [
          "nixpkgs"
        ]
      },
      "locked": {
        "lastModified": 1789770686,
        "narHash": "sha256-uZkBR7yHdIKUFB5SZdfgh1qkGfI3XmYmI/lTiquxbck=",
        "owner": "nix-community",
        "repo": "disko",
        "rev": "725ea35e410ad83be4931d1bff7e090eacaf3563",
        "type": "github"
      },
      "original": {
        "owner": "nix-community",
        "repo": "disko",
        "type": "github"
      }
    },
    "dp3": {
      "inputs": {
        "aocommon": [
          "ska-ost-array-config",
          "ska-sdp-func-python",
          "aocommon"
        ],
        "aoflagger": [
          "ska-ost-array-config",
          "ska-sdp-func-python",
          "aoflagger"
        ],
        "everybeam": [
          "ska-ost-array-config",
          "ska-sdp-func-python",
          "everybeam"
        ],
        "flake-utils": [
          "ska-ost-array-config",
          "ska-sdp-func-python",
          "flake-utils"
        ],
        "idg": [
          "ska-ost-array-config",
          "ska-sdp-func-python",
          "idg"
        ],
        "nixpkgs": [
          "ska-ost-array-config",
          "ska-sdp-func-python",
          "nixpkgs"
        ],
        "nixpkgs-24-05": [
          "ska-ost-array-config",
          "ska-sdp-func-python",
          "nixpkgs-24-05"
        ],
        "schaapcommon": [
          "ska-ost-array-config",
          "ska-sdp-func-python",
          "schaapcommon"
        ],
        "ska-sdp-func": [
          "ska-ost-array-config",
          "ska-sdp-func-python",
          "ska-sdp-func"
        ]
      },
      "locked": {
        "lastModified": 1780578781,
        "narHash": "sha256-4GJvtIz9IlhOXqLmdlllzmCVfWQhtuGgxQ2TOyPYS1A=",
        "ref": "refs/heads/master",
        "rev": "04581c52e0be5f9436931dc1149438a35bf68acb",
        "shallow": true,
        "type": "git",
        "url": "https://gitlab.com/phdenzel/dp3.git"
      },
      "original": {
        "shallow": true,
        "type": "git",
        "url": "https://gitlab.com/phdenzel/dp3.git"
      }
    },
    "everybeam": {
      "inputs": {
        "aocommon": [
          "ska-ost-array-config",
          "ska-sdp-func-python",
          "aocommon"
        ],
        "flake-utils": [
          "ska-ost-array-config",
          "ska-sdp-func-python",
          "flake-utils"
        ],
        "nixpkgs": [
          "ska-ost-array-config",
          "ska-sdp-func-python",
          "nixpkgs"
        ],
        "nixpkgs-24-05": [
          "ska-ost-array-config",
          "ska-sdp-func-python",
          "nixpkgs-24-05"
        ],
        "schaapcommon": [
          "ska-ost-array-config",
          "ska-sdp-func-python",
          "schaapcommon"
        ],
        "ska-sdp-func": [
          "ska-ost-array-config",
          "ska-sdp-func-python",
          "ska-sdp-func"
        ]
      },
      "locked": {
        "lastModified": 1780491854,
        "narHash": "sha256-OuLiPRP5ZdyHDJS5h0bLrV0w2CiBaWlD4wPCbqyIxKI=",
        "ref": "refs/heads/master",
        "rev": "462424211dcbcb7222f068afcc5c7fe3362ef597",
        "shallow": true,
        "type": "git",
        "url": "https://gitlab.com/phdenzel/everybeam.git"
      },
      "original": {
        "shallow": true,
        "type": "git",
        "url": "https://gitlab.com/phdenzel/everybeam.git"
      }
    },
    "fenix": {
      "inputs": {
        "nixpkgs": [
          "cscs-key",
          "nixpkgs"
        ],
        "rust-analyzer-src": "rust-analyzer-src"
      },
      "locked": {
        "lastModified": 1786900242,
        "narHash": "sha256-52Fj2HDnEeW13PAjZJiSuTqzDbCBKu4841O6WLJKcig=",
        "owner": "nix-community",
        "repo": "fenix",
        "rev": "27a7186cfd33b512c0bfe5e60c385cb5938323fc",
        "type": "github"
      },
      "original": {
        "owner": "nix-community",
        "repo": "fenix",
        "type": "github"
      }
    },
    "fenix_2": {
      "inputs": {
        "nixpkgs": [
          "nixpkgs"
        ],
        "rust-analyzer-src": "rust-analyzer-src_2"
      },
      "locked": {
        "lastModified": 1790601955,
        "narHash": "sha256-2t89oLz29acH65MunFM5kNCfg/mGJnb0Cq3qEzMkHGs=",
        "owner": "nix-community",
        "repo": "fenix",
        "rev": "a86ce2824a644c8a6c742eafe10fc6946e12f365",
        "type": "github"
      },
      "original": {
        "owner": "nix-community",
        "repo": "fenix",
        "type": "github"
      }
    },
    "firefox-addons": {
      "inputs": {
        "nixpkgs": [
          "nixpkgs"
        ]
      },
      "locked": {
        "dir": "pkgs/firefox-addons",
        "lastModified": 1790568141,
        "narHash": "sha256-1jwy3OlcgV7BtXs0Gde2hU4mjN7xjsCtfByWeca4aPo=",
        "owner": "rycee",
        "repo": "nur-expressions",
        "rev": "fd52f8517b676ebd7cf763177eebcb337fe666b0",
        "type": "gitlab"
      },
      "original": {
        "dir": "pkgs/firefox-addons",
        "owner": "rycee",
        "repo": "nur-expressions",
        "type": "gitlab"
      }
    },
    "firefox-gnome-theme": {
      "flake": false,
      "locked": {
        "lastModified": 1783570805,
        "narHash": "sha256-ptl5aRlCv9/uRSv2u8Hq8UFVFeZ6Q/bT049bpqNgc3w=",
        "owner": "rafaelmardojai",
        "repo": "firefox-gnome-theme",
        "rev": "5602ed62d638142c1ab31dccd01dfbfb28841225",
        "type": "github"
      },
      "original": {
        "owner": "rafaelmardojai",
        "repo": "firefox-gnome-theme",
        "type": "github"
      }
    },
    "flake-parts": {
      "inputs": {
        "nixpkgs-lib": [
          "stylix",
          "nixpkgs"
        ]
      },
      "locked": {
        "lastModified": 1782949081,
        "narHash": "sha256-vp6Y/Grm98ESt6ceOkWiHWyZRDV3J1RID4w+6NWK9yA=",
        "owner": "hercules-ci",
        "repo": "flake-parts",
        "rev": "17c9d6cdfc60c64f4ee8d306f9bc0b4ccb51481e",
        "type": "github"
      },
      "original": {
        "owner": "hercules-ci",
        "repo": "flake-parts",
        "type": "github"
      }
    },
    "flake-utils": {
      "inputs": {
        "systems": "systems"
      },
      "locked": {
        "lastModified": 1731533236,
        "narHash": "sha256-l0KFg5HjrsfsO/JpG+r7fRrqm12kzFHyUHqHCVpMMbI=",
        "owner": "numtide",
        "repo": "flake-utils",
        "rev": "11707dc2f618dd54ca8739b309ec4fc024de578b",
        "type": "github"
      },
      "original": {
        "owner": "numtide",
        "repo": "flake-utils",
        "type": "github"
      }
    },
    "flake-utils_2": {
      "locked": {
        "lastModified": 1622445595,
        "narHash": "sha256-m+JRe6Wc5OZ/mKw2bB3+Tl0ZbtyxxxfnAWln8Q5qs+Y=",
        "owner": "numtide",
        "repo": "flake-utils",
        "rev": "7d706970d94bc5559077eb1a6600afddcd25a7c8",
        "type": "github"
      },
      "original": {
        "owner": "numtide",
        "repo": "flake-utils",
        "type": "github"
      }
    },
    "flake-utils_3": {
      "inputs": {
        "systems": "systems_2"
      },
      "locked": {
        "lastModified": 1731533236,
        "narHash": "sha256-l0KFg5HjrsfsO/JpG+r7fRrqm12kzFHyUHqHCVpMMbI=",
        "owner": "numtide",
        "repo": "flake-utils",
        "rev": "11707dc2f618dd54ca8739b309ec4fc024de578b",
        "type": "github"
      },
      "original": {
        "owner": "numtide",
        "repo": "flake-utils",
        "type": "github"
      }
    },
    "flake-utils_4": {
      "inputs": {
        "systems": "systems_3"
      },
      "locked": {
        "lastModified": 1731533236,
        "narHash": "sha256-l0KFg5HjrsfsO/JpG+r7fRrqm12kzFHyUHqHCVpMMbI=",
        "owner": "numtide",
        "repo": "flake-utils",
        "rev": "11707dc2f618dd54ca8739b309ec4fc024de578b",
        "type": "github"
      },
      "original": {
        "owner": "numtide",
        "repo": "flake-utils",
        "type": "github"
      }
    },
    "fromYaml": {
      "flake": false,
      "locked": {
        "lastModified": 1731966426,
        "narHash": "sha256-lq95WydhbUTWig/JpqiB7oViTcHFP8Lv41IGtayokA8=",
        "owner": "SenchoPens",
        "repo": "fromYaml",
        "rev": "106af9e2f715e2d828df706c386a685698f3223b",
        "type": "github"
      },
      "original": {
        "owner": "SenchoPens",
        "repo": "fromYaml",
        "type": "github"
      }
    },
    "gnome-shell": {
      "flake": false,
      "locked": {
        "host": "gitlab.gnome.org",
        "lastModified": 1776175984,
        "narHash": "sha256-RJFlFW8GiMei6oqUGrMkGEvVqOH8U7Q8abc1yK4VKD8=",
        "owner": "GNOME",
        "repo": "gnome-shell",
        "rev": "e0fdc4c13250e9a9b8ea9594c83925274f4a5dca",
        "type": "gitlab"
      },
      "original": {
        "host": "gitlab.gnome.org",
        "owner": "GNOME",
        "ref": "50.1",
        "repo": "gnome-shell",
        "type": "gitlab"
      }
    },
    "hardware": {
      "inputs": {
        "nixpkgs": "nixpkgs"
      },
      "locked": {
        "lastModified": 1790321948,
        "narHash": "sha256-mZGHLGi217oLIwzDM4PNRZeCNa6g2WBXURyXbNMFs7Y=",
        "owner": "nixos",
        "repo": "nixos-hardware",
        "rev": "30d48a0ec6035f8140d0125af274f0de95f1e9b5",
        "type": "github"
      },
      "original": {
        "owner": "nixos",
        "repo": "nixos-hardware",
        "type": "github"
      }
    },
    "home-manager": {
      "inputs": {
        "nixpkgs": [
          "nixpkgs"
        ]
      },
      "locked": {
        "lastModified": 1790365885,
        "narHash": "sha256-iQ0ebhiVo64NktTnwft9hNxlFu4j5cvljVxyJaEVIP4=",
        "owner": "nix-community",
        "repo": "home-manager",
        "rev": "7b4c5ec4bedaf1e062bbc1bcaeddbc6bd242aa1b",
        "type": "github"
      },
      "original": {
        "owner": "nix-community",
        "repo": "home-manager",
        "type": "github"
      }
    },
    "idg": {
      "inputs": {
        "aocommon": [
          "ska-ost-array-config",
          "ska-sdp-func-python",
          "aocommon"
        ],
        "cudawrappers": "cudawrappers",
        "flake-utils": [
          "ska-ost-array-config",
          "ska-sdp-func-python",
          "flake-utils"
        ],
        "nixpkgs": [
          "ska-ost-array-config",
          "ska-sdp-func-python",
          "nixpkgs"
        ],
        "nixpkgs-24-05": [
          "ska-ost-array-config",
          "ska-sdp-func-python",
          "nixpkgs-24-05"
        ]
      },
      "locked": {
        "lastModified": 1780481049,
        "narHash": "sha256-jC1SX3J2xx4xc8j3NQ+cCalpY+SKsTFaAjmziIVJ/Tc=",
        "ref": "refs/heads/master",
        "rev": "c6d8ada1a8de2315d0d1e8e4dea58655c9351408",
        "shallow": true,
        "type": "git",
        "url": "https://gitlab.com/phdenzel/ska-sdp-func-idg.git"
      },
      "original": {
        "shallow": true,
        "type": "git",
        "url": "https://gitlab.com/phdenzel/ska-sdp-func-idg.git"
      }
    },
    "nix-darwin": {
      "inputs": {
        "nixpkgs": [
          "nixpkgs"
        ]
      },
      "locked": {
        "lastModified": 1786845137,
        "narHash": "sha256-oQFip+v0luP8NIxJzmiW4Wu8bILsbFWom5l0zonl8hQ=",
        "owner": "nix-darwin",
        "repo": "nix-darwin",
        "rev": "4cff07de74b50e64bdd68cd4e722ab5b6b35ee48",
        "type": "github"
      },
      "original": {
        "owner": "nix-darwin",
        "ref": "master",
        "repo": "nix-darwin",
        "type": "github"
      }
    },
    "nixpkgs": {
      "locked": {
        "lastModified": 1789546076,
        "narHash": "sha256-vWkSk5bbfTqdtMoSgD9FshACO8JCvXTFi+3cqEp0mH0=",
        "rev": "b1b875982b17dabde9b4a37f3e229e74913e6db3",
        "type": "tarball",
        "url": "https://releases.nixos.org/nixos/unstable/nixos-26.11pre1074753.b1b875982b17/nixexprs.tar.xz"
      },
      "original": {
        "type": "tarball",
        "url": "https://channels.nixos.org/nixos-unstable/nixexprs.tar.xz"
      }
    },
    "nixpkgs-24-05": {
      "locked": {
        "lastModified": 1735563628,
        "narHash": "sha256-OnSAY7XDSx7CtDoqNh8jwVwh4xNL/2HaJxGjryLWzX8=",
        "owner": "NixOS",
        "repo": "nixpkgs",
        "rev": "b134951a4c9f3c995fd7be05f3243f8ecd65d798",
        "type": "github"
      },
      "original": {
        "owner": "NixOS",
        "ref": "nixos-24.05",
        "repo": "nixpkgs",
        "type": "github"
      }
    },
    "nixpkgs-stable": {
      "locked": {
        "lastModified": 1790533781,
        "narHash": "sha256-F+b8u43BVF5DlM0pz7JQSbtbwKy5PrHIT5zQUekXsD0=",
        "owner": "nixos",
        "repo": "nixpkgs",
        "rev": "cf5e76507c6e23b59f7e0ffcc7baa2a39ddd8442",
        "type": "github"
      },
      "original": {
        "owner": "nixos",
        "ref": "nixos-26.05",
        "repo": "nixpkgs",
        "type": "github"
      }
    },
    "nixpkgs_2": {
      "locked": {
        "lastModified": 1790578696,
        "narHash": "sha256-ZoxIApko70jCdbH3l20HWXOBaT2HZd87orzd2yJ9dVE=",
        "owner": "nixos",
        "repo": "nixpkgs",
        "rev": "7a0f122f5090cf4c2ade2a13a0e229d4e19ba71f",
        "type": "github"
      },
      "original": {
        "owner": "nixos",
        "ref": "nixos-unstable",
        "repo": "nixpkgs",
        "type": "github"
      }
    },
    "nur": {
      "inputs": {
        "flake-parts": [
          "stylix",
          "flake-parts"
        ],
        "nixpkgs": [
          "stylix",
          "nixpkgs"
        ]
      },
      "locked": {
        "lastModified": 1785549842,
        "narHash": "sha256-DCwBZmGsySF7oKGTRgEv2HvpxVXkHT+38VhTM76k0B4=",
        "owner": "nix-community",
        "repo": "NUR",
        "rev": "a9f987b57594e845e3e5cdd423b9a70846d70308",
        "type": "github"
      },
      "original": {
        "owner": "nix-community",
        "repo": "NUR",
        "type": "github"
      }
    },
    "openconnect-sso": {
      "inputs": {
        "flake-utils": "flake-utils_2",
        "nixpkgs": [
          "nixpkgs"
        ]
      },
      "locked": {
        "lastModified": 1781462885,
        "narHash": "sha256-/pp8+S89SpykDWY/IIlBl0kLeAe1wVcVLzaaJdZEeVo=",
        "ref": "refs/heads/master",
        "rev": "1077f80244d01ee4914d3ffb3d345ce4bebf54a2",
        "revCount": 254,
        "type": "git",
        "url": "https://github.com/phdenzel/openconnect-sso"
      },
      "original": {
        "type": "git",
        "url": "https://github.com/phdenzel/openconnect-sso"
      }
    },
    "oskar": {
      "inputs": {
        "flake-utils": "flake-utils_3",
        "nixpkgs": [
          "nixpkgs"
        ],
        "ska-sdp-func": "ska-sdp-func"
      },
      "locked": {
        "lastModified": 1787640946,
        "narHash": "sha256-gBJrcSM/XfELRyiBG8lML010mok13voDicRuZOGykzk=",
        "owner": "phdenzel",
        "repo": "oskar",
        "rev": "45d4916bffb08eb3ea9234b21a868ab226f11395",
        "type": "gitlab"
      },
      "original": {
        "owner": "phdenzel",
        "repo": "oskar",
        "type": "gitlab"
      }
    },
    "phd-ark-modeline": {
      "flake": false,
      "locked": {
        "lastModified": 1739444324,
        "narHash": "sha256-rBNYzGNw35Tahda4lmzY2wlY+aCVkisZO3Lxswvv70c=",
        "ref": "refs/heads/master",
        "rev": "5a1718385aa38de7d44a5de8ae482e65a403c829",
        "revCount": 14,
        "type": "git",
        "url": "https://git@github.com/phdenzel/phd-ark-modeline"
      },
      "original": {
        "type": "git",
        "url": "https://git@github.com/phdenzel/phd-ark-modeline"
      }
    },
    "phd-ark-tabline": {
      "flake": false,
      "locked": {
        "lastModified": 1743439335,
        "narHash": "sha256-bAQgUYuOvYCcMt2nSfgQKzE0blAFWWHDtBkIP5N+Q78=",
        "ref": "refs/heads/main",
        "rev": "24cc7d0db92d105ab241e7bc06750bc1f9c76a7b",
        "revCount": 3,
        "type": "git",
        "url": "https://git@github.com/phdenzel/phd-ark-tabline"
      },
      "original": {
        "type": "git",
        "url": "https://git@github.com/phdenzel/phd-ark-tabline"
      }
    },
    "phd-wallpapers": {
      "flake": false,
      "locked": {
        "lastModified": 1737723007,
        "narHash": "sha256-N70QMSwO+onkJjkZP31hknKoxqN1/e2W1bzZ4ViqGM8=",
        "ref": "refs/heads/main",
        "rev": "61b3432be852521028c20be2f046c198e0f45bc3",
        "revCount": 3,
        "type": "git",
        "url": "ssh://git@github.com/phdenzel/wallpapers"
      },
      "original": {
        "type": "git",
        "url": "ssh://git@github.com/phdenzel/wallpapers"
      }
    },
    "radler": {
      "inputs": {
        "aocommon": [
          "ska-ost-array-config",
          "ska-sdp-func-python",
          "aocommon"
        ],
        "flake-utils": [
          "ska-ost-array-config",
          "ska-sdp-func-python",
          "flake-utils"
        ],
        "nixpkgs": [
          "ska-ost-array-config",
          "ska-sdp-func-python",
          "nixpkgs"
        ],
        "nixpkgs-24-05": [
          "ska-ost-array-config",
          "ska-sdp-func-python",
          "nixpkgs-24-05"
        ],
        "schaapcommon": [
          "ska-ost-array-config",
          "ska-sdp-func-python",
          "schaapcommon"
        ]
      },
      "locked": {
        "lastModified": 1780485028,
        "narHash": "sha256-iBPKNzPkdHHZlWuoKa4Zn4juQHKgPvHeUnMD3hhe3wo=",
        "ref": "refs/heads/main",
        "rev": "0926dc61d5d29d29f8c9e94e605fe7e7086bb0e5",
        "shallow": true,
        "type": "git",
        "url": "https://gitlab.com/phdenzel/ska-sdp-func-radler.git"
      },
      "original": {
        "shallow": true,
        "type": "git",
        "url": "https://gitlab.com/phdenzel/ska-sdp-func-radler.git"
      }
    },
    "root": {
      "inputs": {
        "cscs-key": "cscs-key",
        "disko": "disko",
        "fenix": "fenix_2",
        "firefox-addons": "firefox-addons",
        "hardware": "hardware",
        "home-manager": "home-manager",
        "nix-darwin": "nix-darwin",
        "nixpkgs": "nixpkgs_2",
        "nixpkgs-stable": "nixpkgs-stable",
        "openconnect-sso": "openconnect-sso",
        "oskar": "oskar",
        "phd-ark-modeline": "phd-ark-modeline",
        "phd-ark-tabline": "phd-ark-tabline",
        "phd-wallpapers": "phd-wallpapers",
        "ska-ost-array-config": "ska-ost-array-config",
        "sops-nix": "sops-nix",
        "stylix": "stylix",
        "systems": "systems_5"
      }
    },
    "rust-analyzer-src": {
      "flake": false,
      "locked": {
        "lastModified": 1786775975,
        "narHash": "sha256-IepgRMQrv3ycKp/FRDYMErByu1kD7DH2+ZOW1z3UYWo=",
        "owner": "rust-lang",
        "repo": "rust-analyzer",
        "rev": "2d6e364110e162f271f9c3198722bf2e98e53088",
        "type": "github"
      },
      "original": {
        "owner": "rust-lang",
        "ref": "nightly",
        "repo": "rust-analyzer",
        "type": "github"
      }
    },
    "rust-analyzer-src_2": {
      "flake": false,
      "locked": {
        "lastModified": 1790532271,
        "narHash": "sha256-j8y/AO3AMDF9p+11aIDhnA21JnNj5PjvcejTI43vI8Q=",
        "owner": "rust-lang",
        "repo": "rust-analyzer",
        "rev": "03fcb77246f2568adb0e9b2fa60d19c6cc1686f4",
        "type": "github"
      },
      "original": {
        "owner": "rust-lang",
        "ref": "nightly",
        "repo": "rust-analyzer",
        "type": "github"
      }
    },
    "schaapcommon": {
      "inputs": {
        "aocommon": [
          "ska-ost-array-config",
          "ska-sdp-func-python",
          "aocommon"
        ],
        "flake-utils": [
          "ska-ost-array-config",
          "ska-sdp-func-python",
          "flake-utils"
        ],
        "nixpkgs": [
          "ska-ost-array-config",
          "ska-sdp-func-python",
          "nixpkgs"
        ],
        "nixpkgs-24-05": [
          "ska-ost-array-config",
          "ska-sdp-func-python",
          "nixpkgs-24-05"
        ]
      },
      "locked": {
        "lastModified": 1780480939,
        "narHash": "sha256-912nmecZsoWeWAHXAR9F2ZBFD5NiI0vUHUc5nvZrMzQ=",
        "ref": "refs/heads/master",
        "rev": "506a3aae61a824c4faa82d4c675f074754e32fa7",
        "shallow": true,
        "type": "git",
        "url": "https://gitlab.com/phdenzel/schaapcommon.git"
      },
      "original": {
        "shallow": true,
        "type": "git",
        "url": "https://gitlab.com/phdenzel/schaapcommon.git"
      }
    },
    "ska-low-tmdata": {
      "inputs": {
        "flake-utils": [
          "ska-ost-array-config",
          "flake-utils"
        ],
        "nixpkgs": [
          "ska-ost-array-config",
          "nixpkgs"
        ]
      },
      "locked": {
        "lastModified": 1787663206,
        "narHash": "sha256-+x1y2nmuZMB1YreLYvNWaeDhdFAeJwz2R/rPSVvcoMQ=",
        "type": "tarball",
        "url": "https://gitlab.com/phdenzel/ska-low-tmdata/-/archive/b7c381002842a4ba34a12df13596b49fdfbd8d0b/ska-low-tmdata-b7c381002842a4ba34a12df13596b49fdfbd8d0b.tar.gz"
      },
      "original": {
        "type": "tarball",
        "url": "https://gitlab.com/phdenzel/ska-low-tmdata/-/archive/b7c381002842a4ba34a12df13596b49fdfbd8d0b/ska-low-tmdata-b7c381002842a4ba34a12df13596b49fdfbd8d0b.tar.gz"
      }
    },
    "ska-ost-array-config": {
      "inputs": {
        "flake-utils": "flake-utils_4",
        "nixpkgs": [
          "nixpkgs"
        ],
        "ska-low-tmdata": "ska-low-tmdata",
        "ska-sdp-func-python": "ska-sdp-func-python"
      },
      "locked": {
        "lastModified": 1787664979,
        "narHash": "sha256-qpTJ8MxgGJlNVoJvn4nvVude/6zRPuTY4eq8A0R35N0=",
        "owner": "phdenzel",
        "repo": "ska-ost-array-config",
        "rev": "97775d007276c3542407c9569a5c705871910a81",
        "type": "gitlab"
      },
      "original": {
        "owner": "phdenzel",
        "repo": "ska-ost-array-config",
        "type": "gitlab"
      }
    },
    "ska-schemas": {
      "inputs": {
        "flake-utils": [
          "ska-ost-array-config",
          "ska-sdp-func-python",
          "ska-sdp-datamodels",
          "ska-telmodel",
          "flake-utils"
        ],
        "nixpkgs": [
          "ska-ost-array-config",
          "ska-sdp-func-python",
          "ska-sdp-datamodels",
          "ska-telmodel",
          "nixpkgs"
        ]
      },
      "locked": {
        "lastModified": 1787662019,
        "narHash": "sha256-itMXQOxQ+FwUcnM7LO2R4IzFTkN41ovO1LXXMyaZxgQ=",
        "ref": "refs/heads/main",
        "rev": "bfe97e1dfb729d859381f9e04705c33ce4cda09b",
        "revCount": 2966,
        "type": "git",
        "url": "https://gitlab.com/phdenzel/ska-schemas.git"
      },
      "original": {
        "type": "git",
        "url": "https://gitlab.com/phdenzel/ska-schemas.git"
      }
    },
    "ska-sdp-datamodels": {
      "inputs": {
        "flake-utils": [
          "ska-ost-array-config",
          "ska-sdp-func-python",
          "flake-utils"
        ],
        "nixpkgs": [
          "ska-ost-array-config",
          "ska-sdp-func-python",
          "nixpkgs"
        ],
        "ska-telmodel": "ska-telmodel"
      },
      "locked": {
        "lastModified": 1787664941,
        "narHash": "sha256-611GR7jKgq1Q75U2mOGIbZpmY1DAuBVaRQZKum429P4=",
        "ref": "refs/heads/main",
        "rev": "bfe3b31d0e595d9e18d6528751505019a22071d9",
        "shallow": true,
        "type": "git",
        "url": "https://gitlab.com/phdenzel/ska-sdp-datamodels.git"
      },
      "original": {
        "shallow": true,
        "type": "git",
        "url": "https://gitlab.com/phdenzel/ska-sdp-datamodels.git"
      }
    },
    "ska-sdp-func": {
      "inputs": {
        "flake-utils": [
          "oskar",
          "flake-utils"
        ],
        "nixpkgs": [
          "oskar",
          "nixpkgs"
        ]
      },
      "locked": {
        "lastModified": 1780651410,
        "narHash": "sha256-ZNHrBf6YbVUm9Y599qbalieFP5MZR2C8P8XvU8GKuw0=",
        "ref": "refs/heads/main",
        "rev": "2acfd7732072da5c8aba2dd1835ed57faec85973",
        "revCount": 1018,
        "type": "git",
        "url": "https://gitlab.com/phdenzel/ska-sdp-func.git"
      },
      "original": {
        "type": "git",
        "url": "https://gitlab.com/phdenzel/ska-sdp-func.git"
      }
    },
    "ska-sdp-func-python": {
      "inputs": {
        "aocommon": "aocommon",
        "aoflagger": "aoflagger",
        "dp3": "dp3",
        "everybeam": "everybeam",
        "flake-utils": [
          "ska-ost-array-config",
          "flake-utils"
        ],
        "idg": "idg",
        "nixpkgs": [
          "ska-ost-array-config",
          "nixpkgs"
        ],
        "nixpkgs-24-05": "nixpkgs-24-05",
        "radler": "radler",
        "schaapcommon": "schaapcommon",
        "ska-sdp-datamodels": "ska-sdp-datamodels",
        "ska-sdp-func": "ska-sdp-func_2"
      },
      "locked": {
        "lastModified": 1787664953,
        "narHash": "sha256-joFTTsGZyt6RSSqA/45IKPwCeeJ2SnObiIa3Jl1ccK4=",
        "ref": "refs/heads/main",
        "rev": "08743802e345bc2efcfc5ceab33aa096954289fa",
        "revCount": 679,
        "type": "git",
        "url": "https://gitlab.com/phdenzel/ska-sdp-func-python.git"
      },
      "original": {
        "type": "git",
        "url": "https://gitlab.com/phdenzel/ska-sdp-func-python.git"
      }
    },
    "ska-sdp-func_2": {
      "inputs": {
        "flake-utils": [
          "ska-ost-array-config",
          "ska-sdp-func-python",
          "flake-utils"
        ],
        "nixpkgs": [
          "ska-ost-array-config",
          "ska-sdp-func-python",
          "nixpkgs"
        ]
      },
      "locked": {
        "lastModified": 1787663194,
        "narHash": "sha256-zxvL72jot5jwUZO3epszIoUaQmV3dgqp4qAkYs6eIUo=",
        "ref": "refs/heads/main",
        "rev": "dd4ceda827d7beba93cd936c214165bf4cca27d1",
        "shallow": true,
        "type": "git",
        "url": "https://gitlab.com/phdenzel/ska-sdp-func.git"
      },
      "original": {
        "shallow": true,
        "type": "git",
        "url": "https://gitlab.com/phdenzel/ska-sdp-func.git"
      }
    },
    "ska-telmodel": {
      "inputs": {
        "flake-utils": [
          "ska-ost-array-config",
          "ska-sdp-func-python",
          "ska-sdp-datamodels",
          "flake-utils"
        ],
        "nixpkgs": [
          "ska-ost-array-config",
          "ska-sdp-func-python",
          "ska-sdp-datamodels",
          "nixpkgs"
        ],
        "ska-schemas": "ska-schemas",
        "ska-telmodel-client": "ska-telmodel-client"
      },
      "locked": {
        "lastModified": 1787664932,
        "narHash": "sha256-IR8Q8RFrHLE623XN93yBxzqSy0ffUuPm/rfyUrmqPzY=",
        "ref": "refs/heads/master",
        "rev": "57fdc51ea19f122f028adb3bafbaa039b944823e",
        "revCount": 2760,
        "type": "git",
        "url": "https://gitlab.com/phdenzel/ska-telmodel.git"
      },
      "original": {
        "type": "git",
        "url": "https://gitlab.com/phdenzel/ska-telmodel.git"
      }
    },
    "ska-telmodel-client": {
      "inputs": {
        "flake-utils": [
          "ska-ost-array-config",
          "ska-sdp-func-python",
          "ska-sdp-datamodels",
          "ska-telmodel",
          "flake-utils"
        ],
        "nixpkgs": [
          "ska-ost-array-config",
          "ska-sdp-func-python",
          "ska-sdp-datamodels",
          "ska-telmodel",
          "nixpkgs"
        ],
        "ska-schemas": [
          "ska-ost-array-config",
          "ska-sdp-func-python",
          "ska-sdp-datamodels",
          "ska-telmodel",
          "ska-schemas"
        ]
      },
      "locked": {
        "lastModified": 1787662030,
        "narHash": "sha256-N+iPgSu7ArtuWOr70CoXDpBoxUMhSmH7/4v7U7niBdY=",
        "ref": "refs/heads/main",
        "rev": "4f2b4f1f554de05a171292dbf24f285e5ae86be1",
        "revCount": 2640,
        "type": "git",
        "url": "https://gitlab.com/phdenzel/ska-telmodel-client.git"
      },
      "original": {
        "type": "git",
        "url": "https://gitlab.com/phdenzel/ska-telmodel-client.git"
      }
    },
    "sops-nix": {
      "inputs": {
        "nixpkgs": [
          "nixpkgs"
        ]
      },
      "locked": {
        "lastModified": 1790498116,
        "narHash": "sha256-rs9meAYxW3zzrh43yaW7htrqCD+X9+pupDPHN86fumI=",
        "owner": "Mic92",
        "repo": "sops-nix",
        "rev": "5efb5a6f4f5ab192817d28557dd4d650fa14d866",
        "type": "github"
      },
      "original": {
        "owner": "Mic92",
        "repo": "sops-nix",
        "type": "github"
      }
    },
    "stylix": {
      "inputs": {
        "base16": "base16",
        "base16-fish": "base16-fish",
        "base16-helix": "base16-helix",
        "base16-vim": "base16-vim",
        "firefox-gnome-theme": "firefox-gnome-theme",
        "flake-parts": "flake-parts",
        "gnome-shell": "gnome-shell",
        "nixpkgs": [
          "nixpkgs"
        ],
        "nur": "nur",
        "systems": "systems_4",
        "tinted-kitty": "tinted-kitty",
        "tinted-schemes": "tinted-schemes",
        "tinted-tmux": "tinted-tmux",
        "tinted-zed": "tinted-zed"
      },
      "locked": {
        "lastModified": 1790451534,
        "narHash": "sha256-5J4zQ0mmCsd2SS+sOKdzXrngofQdtube3VoHSENz4zE=",
        "owner": "danth",
        "repo": "stylix",
        "rev": "fb28acd59e2ac1984ec84fa496599d6b4bf3e690",
        "type": "github"
      },
      "original": {
        "owner": "danth",
        "repo": "stylix",
        "type": "github"
      }
    },
    "systems": {
      "locked": {
        "lastModified": 1681028828,
        "narHash": "sha256-Vy1rq5AaRuLzOxct8nz4T6wlgyUR7zLU309k9mBC768=",
        "owner": "nix-systems",
        "repo": "default",
        "rev": "da67096a3b9bf56a91d16901293e51ba5b49a27e",
        "type": "github"
      },
      "original": {
        "owner": "nix-systems",
        "repo": "default",
        "type": "github"
      }
    },
    "systems_2": {
      "locked": {
        "lastModified": 1681028828,
        "narHash": "sha256-Vy1rq5AaRuLzOxct8nz4T6wlgyUR7zLU309k9mBC768=",
        "owner": "nix-systems",
        "repo": "default",
        "rev": "da67096a3b9bf56a91d16901293e51ba5b49a27e",
        "type": "github"
      },
      "original": {
        "owner": "nix-systems",
        "repo": "default",
        "type": "github"
      }
    },
    "systems_3": {
      "locked": {
        "lastModified": 1681028828,
        "narHash": "sha256-Vy1rq5AaRuLzOxct8nz4T6wlgyUR7zLU309k9mBC768=",
        "owner": "nix-systems",
        "repo": "default",
        "rev": "da67096a3b9bf56a91d16901293e51ba5b49a27e",
        "type": "github"
      },
      "original": {
        "owner": "nix-systems",
        "repo": "default",
        "type": "github"
      }
    },
    "systems_4": {
      "locked": {
        "lastModified": 1774449309,
        "narHash": "sha256-brhZ8DmuGtzkCYHJg4HEd602amKm89Y9ytsFZ5uWD1w=",
        "owner": "nix-systems",
        "repo": "default",
        "rev": "c29398b59d2048c4ab79345812849c9bd15e9150",
        "type": "github"
      },
      "original": {
        "owner": "nix-systems",
        "ref": "future-26.11",
        "repo": "default",
        "type": "github"
      }
    },
    "systems_5": {
      "locked": {
        "lastModified": 1735898645,
        "narHash": "sha256-W9jgw8NS67HoeI6HXfgEw9x4cI8WPJpxzJMftUwgpeQ=",
        "owner": "phdenzel",
        "repo": "nix-systems",
        "rev": "e8bbd2a25507fc0517d8767606b5dd7b983ebf98",
        "type": "github"
      },
      "original": {
        "owner": "phdenzel",
        "ref": "modern",
        "repo": "nix-systems",
        "type": "github"
      }
    },
    "tinted-kitty": {
      "flake": false,
      "locked": {
        "lastModified": 1735730497,
        "narHash": "sha256-4KtB+FiUzIeK/4aHCKce3V9HwRvYaxX+F1edUrfgzb8=",
        "owner": "tinted-theming",
        "repo": "tinted-kitty",
        "rev": "de6f888497f2c6b2279361bfc790f164bfd0f3fa",
        "type": "github"
      },
      "original": {
        "owner": "tinted-theming",
        "repo": "tinted-kitty",
        "type": "github"
      }
    },
    "tinted-schemes": {
      "flake": false,
      "locked": {
        "lastModified": 1785153830,
        "narHash": "sha256-fNdfCTeCXU3tZG3TMincd+u68qBHQgCr2Ljr/M1mWP0=",
        "owner": "tinted-theming",
        "repo": "schemes",
        "rev": "9bd28ed313560db3c5b605c63bc4e309e78e3fc8",
        "type": "github"
      },
      "original": {
        "owner": "tinted-theming",
        "repo": "schemes",
        "type": "github"
      }
    },
    "tinted-tmux": {
      "flake": false,
      "locked": {
        "lastModified": 1785031658,
        "narHash": "sha256-mZp9O2LjzdMzlqQF3l3fjqsuPBzXy+1qTfBEUGjTlpk=",
        "owner": "tinted-theming",
        "repo": "tinted-tmux",
        "rev": "5d2c67f61ea7af36f16865ab6d541cdba41dc257",
        "type": "github"
      },
      "original": {
        "owner": "tinted-theming",
        "repo": "tinted-tmux",
        "type": "github"
      }
    },
    "tinted-zed": {
      "flake": false,
      "locked": {
        "lastModified": 1785030526,
        "narHash": "sha256-klZf8UviewRkxuu74Bhbq6tqy7oxebQC7UVRWbbtQxU=",
        "owner": "tinted-theming",
        "repo": "base16-zed",
        "rev": "16f5a8adf4a6b1310d0a61ab172de963e8f76a02",
        "type": "github"
      },
      "original": {
        "owner": "tinted-theming",
        "repo": "base16-zed",
        "type": "github"
      }
    }
  },
  "root": "root",
  "version": 7
}
